// !$*UTF8*$!
{
	archiveVersion = 1;
	classes = {
	};
	objectVersion = 56;
	objects = {

/* Begin PBXBuildFile section */
		E3A20FBB2AF78207005331BA /* AppDelegate.swift in Sources */ = {isa = PBXBuildFile; fileRef = E3A20FBA2AF78207005331BA /* AppDelegate.swift */; };
		E3A20FBD2AF78207005331BA /* SceneDelegate.swift in Sources */ = {isa = PBXBuildFile; fileRef = E3A20FBC2AF78207005331BA /* SceneDelegate.swift */; };
		E3A20FBF2AF78207005331BA /* ViewController.swift in Sources */ = {isa = PBXBuildFile; fileRef = E3A20FBE2AF78207005331BA /* ViewController.swift */; };
		E3A20FC22AF78207005331BA /* Main.storyboard in Resources */ = {isa = PBXBuildFile; fileRef = E3A20FC02AF78207005331BA /* Main.storyboard */; };
		E3A20FC42AF78209005331BA /* Assets.xcassets in Resources */ = {isa = PBXBuildFile; fileRef = E3A20FC32AF78209005331BA /* Assets.xcassets */; };
		E3A20FC72AF78209005331BA /* LaunchScreen.storyboard in Resources */ = {isa = PBXBuildFile; fileRef = E3A20FC52AF78209005331BA /* LaunchScreen.storyboard */; };
		E3A20FD22AF78209005331BA /* MVP____SOLID_c_DI___Unit_testTests.swift in Sources */ = {isa = PBXBuildFile; fileRef = E3A20FD12AF78209005331BA /* MVP____SOLID_c_DI___Unit_testTests.swift */; };
		E3A20FDC2AF78209005331BA /* MVP____SOLID_c_DI___Unit_testUITests.swift in Sources */ = {isa = PBXBuildFile; fileRef = E3A20FDB2AF78209005331BA /* MVP____SOLID_c_DI___Unit_testUITests.swift */; };
		E3A20FDE2AF78209005331BA /* MVP____SOLID_c_DI___Unit_testUITestsLaunchTests.swift in Sources */ = {isa = PBXBuildFile; fileRef = E3A20FDD2AF78209005331BA /* MVP____SOLID_c_DI___Unit_testUITestsLaunchTests.swift */; };
/* End PBXBuildFile section */

/* Begin PBXContainerItemProxy section */
		E3A20FCE2AF78209005331BA /* PBXContainerItemProxy */ = {
			isa = PBXContainerItemProxy;
			containerPortal = E3A20FAF2AF78207005331BA /* Project object */;
			proxyType = 1;
			remoteGlobalIDString = E3A20FB62AF78207005331BA;
			remoteInfo = "MVP по SOLID c DI и Unit test";
		};
		E3A20FD82AF78209005331BA /* PBXContainerItemProxy */ = {
			isa = PBXContainerItemProxy;
			containerPortal = E3A20FAF2AF78207005331BA /* Project object */;
			proxyType = 1;
			remoteGlobalIDString = E3A20FB62AF78207005331BA;
			remoteInfo = "MVP по SOLID c DI и Unit test";
		};
/* End PBXContainerItemProxy section */

/* Begin PBXFileReference section */
		E3A20FB72AF78207005331BA /* MVP по SOLID c DI и Unit test.app */ = {isa = PBXFileReference; explicitFileType = wrapper.application; includeInIndex = 0; path = "MVP по SOLID c DI и Unit test.app"; sourceTree = BUILT_PRODUCTS_DIR; };
		E3A20FBA2AF78207005331BA /* AppDelegate.swift */ = {isa = PBXFileReference; lastKnownFileType = sourcecode.swift; path = AppDelegate.swift; sourceTree = "<group>"; };
		E3A20FBC2AF78207005331BA /* SceneDelegate.swift */ = {isa = PBXFileReference; lastKnownFileType = sourcecode.swift; path = SceneDelegate.swift; sourceTree = "<group>"; };
		E3A20FBE2AF78207005331BA /* ViewController.swift */ = {isa = PBXFileReference; lastKnownFileType = sourcecode.swift; path = ViewController.swift; sourceTree = "<group>"; };
		E3A20FC12AF78207005331BA /* Base */ = {isa = PBXFileReference; lastKnownFileType = file.storyboard; name = Base; path = Base.lproj/Main.storyboard; sourceTree = "<group>"; };
		E3A20FC32AF78209005331BA /* Assets.xcassets */ = {isa = PBXFileReference; lastKnownFileType = folder.assetcatalog; path = Assets.xcassets; sourceTree = "<group>"; };
		E3A20FC62AF78209005331BA /* Base */ = {isa = PBXFileReference; lastKnownFileType = file.storyboard; name = Base; path = Base.lproj/LaunchScreen.storyboard; sourceTree = "<group>"; };
		E3A20FC82AF78209005331BA /* Info.plist */ = {isa = PBXFileReference; lastKnownFileType = text.plist.xml; path = Info.plist; sourceTree = "<group>"; };
		E3A20FCD2AF78209005331BA /* MVP по SOLID c DI и Unit testTests.xctest */ = {isa = PBXFileReference; explicitFileType = wrapper.cfbundle; includeInIndex = 0; path = "MVP по SOLID c DI и Unit testTests.xctest"; sourceTree = BUILT_PRODUCTS_DIR; };
		E3A20FD12AF78209005331BA /* MVP____SOLID_c_DI___Unit_testTests.swift */ = {isa = PBXFileReference; lastKnownFileType = sourcecode.swift; path = "MVP____SOLID_c_DI___Unit_testTests.swift"; sourceTree = "<group>"; };
		E3A20FD72AF78209005331BA /* MVP по SOLID c DI и Unit testUITests.xctest */ = {isa = PBXFileReference; explicitFileType = wrapper.cfbundle; includeInIndex = 0; path = "MVP по SOLID c DI и Unit testUITests.xctest"; sourceTree = BUILT_PRODUCTS_DIR; };
		E3A20FDB2AF78209005331BA /* MVP____SOLID_c_DI___Unit_testUITests.swift */ = {isa = PBXFileReference; lastKnownFileType = sourcecode.swift; path = "MVP____SOLID_c_DI___Unit_testUITests.swift"; sourceTree = "<group>"; };
		E3A20FDD2AF78209005331BA /* MVP____SOLID_c_DI___Unit_testUITestsLaunchTests.swift */ = {isa = PBXFileReference; lastKnownFileType = sourcecode.swift; path = "MVP____SOLID_c_DI___Unit_testUITestsLaunchTests.swift"; sourceTree = "<group>"; };
/* End PBXFileReference section */

/* Begin PBXFrameworksBuildPhase section */
		E3A20FB42AF78207005331BA /* Frameworks */ = {
			isa = PBXFrameworksBuildPhase;
			buildActionMask = 2147483647;
			files = (
			);
			runOnlyForDeploymentPostprocessing = 0;
		};
		E3A20FCA2AF78209005331BA /* Frameworks */ = {
			isa = PBXFrameworksBuildPhase;
			buildActionMask = 2147483647;
			files = (
			);
			runOnlyForDeploymentPostprocessing = 0;
		};
		E3A20FD42AF78209005331BA /* Frameworks */ = {
			isa = PBXFrameworksBuildPhase;
			buildActionMask = 2147483647;
			files = (
			);
			runOnlyForDeploymentPostprocessing = 0;
		};
/* End PBXFrameworksBuildPhase section */

/* Begin PBXGroup section */
		E3A20FAE2AF78207005331BA = {
			isa = PBXGroup;
			children = (
				E3A20FB92AF78207005331BA /* MVP по SOLID c DI и Unit test */,
				E3A20FD02AF78209005331BA /* MVP по SOLID c DI и Unit testTests */,
				E3A20FDA2AF78209005331BA /* MVP по SOLID c DI и Unit testUITests */,
				E3A20FB82AF78207005331BA /* Products */,
			);
			sourceTree = "<group>";
		};
		E3A20FB82AF78207005331BA /* Products */ = {
			isa = PBXGroup;
			children = (
				E3A20FB72AF78207005331BA /* MVP по SOLID c DI и Unit test.app */,
				E3A20FCD2AF78209005331BA /* MVP по SOLID c DI и Unit testTests.xctest */,
				E3A20FD72AF78209005331BA /* MVP по SOLID c DI и Unit testUITests.xctest */,
			);
			name = Products;
			sourceTree = "<group>";
		};
		E3A20FB92AF78207005331BA /* MVP по SOLID c DI и Unit test */ = {
			isa = PBXGroup;
			children = (
				E3A20FBA2AF78207005331BA /* AppDelegate.swift */,
				E3A20FBC2AF78207005331BA /* SceneDelegate.swift */,
				E3A20FBE2AF78207005331BA /* ViewController.swift */,
				E3A20FC02AF78207005331BA /* Main.storyboard */,
				E3A20FC32AF78209005331BA /* Assets.xcassets */,
				E3A20FC52AF78209005331BA /* LaunchScreen.storyboard */,
				E3A20FC82AF78209005331BA /* Info.plist */,
			);
			path = "MVP по SOLID c DI и Unit test";
			sourceTree = "<group>";
		};
		E3A20FD02AF78209005331BA /* MVP по SOLID c DI и Unit testTests */ = {
			isa = PBXGroup;
			children = (
				E3A20FD12AF78209005331BA /* MVP____SOLID_c_DI___Unit_testTests.swift */,
			);
			path = "MVP по SOLID c DI и Unit testTests";
			sourceTree = "<group>";
		};
		E3A20FDA2AF78209005331BA /* MVP по SOLID c DI и Unit testUITests */ = {
			isa = PBXGroup;
			children = (
				E3A20FDB2AF78209005331BA /* MVP____SOLID_c_DI___Unit_testUITests.swift */,
				E3A20FDD2AF78209005331BA /* MVP____SOLID_c_DI___Unit_testUITestsLaunchTests.swift */,
			);
			path = "MVP по SOLID c DI и Unit testUITests";
			sourceTree = "<group>";
		};
/* End PBXGroup section */

/* Begin PBXNativeTarget section */
		E3A20FB62AF78207005331BA /* MVP по SOLID c DI и Unit test */ = {
			isa = PBXNativeTarget;
			buildConfigurationList = E3A20FE12AF78209005331BA /* Build configuration list for PBXNativeTarget "MVP по SOLID c DI и Unit test" */;
			buildPhases = (
				E3A20FB32AF78207005331BA /* Sources */,
				E3A20FB42AF78207005331BA /* Frameworks */,
				E3A20FB52AF78207005331BA /* Resources */,
			);
			buildRules = (
			);
			dependencies = (
			);
			name = "MVP по SOLID c DI и Unit test";
			productName = "MVP по SOLID c DI и Unit test";
			productReference = E3A20FB72AF78207005331BA /* MVP по SOLID c DI и Unit test.app */;
			productType = "com.apple.product-type.application";
		};
		E3A20FCC2AF78209005331BA /* MVP по SOLID c DI и Unit testTests */ = {
			isa = PBXNativeTarget;
			buildConfigurationList = E3A20FE42AF78209005331BA /* Build configuration list for PBXNativeTarget "MVP по SOLID c DI и Unit testTests" */;
			buildPhases = (
				E3A20FC92AF78209005331BA /* Sources */,
				E3A20FCA2AF78209005331BA /* Frameworks */,
				E3A20FCB2AF78209005331BA /* Resources */,
			);
			buildRules = (
			);
			dependencies = (
				E3A20FCF2AF78209005331BA /* PBXTargetDependency */,
			);
			name = "MVP по SOLID c DI и Unit testTests";
			productName = "MVP по SOLID c DI и Unit testTests";
			productReference = E3A20FCD2AF78209005331BA /* MVP по SOLID c DI и Unit testTests.xctest */;
			productType = "com.apple.product-type.bundle.unit-test";
		};
		E3A20FD62AF78209005331BA /* MVP по SOLID c DI и Unit testUITests */ = {
			isa = PBXNativeTarget;
			buildConfigurationList = E3A20FE72AF78209005331BA /* Build configuration list for PBXNativeTarget "MVP по SOLID c DI и Unit testUITests" */;
			buildPhases = (
				E3A20FD32AF78209005331BA /* Sources */,
				E3A20FD42AF78209005331BA /* Frameworks */,
				E3A20FD52AF78209005331BA /* Resources */,
			);
			buildRules = (
			);
			dependencies = (
				E3A20FD92AF78209005331BA /* PBXTargetDependency */,
			);
			name = "MVP по SOLID c DI и Unit testUITests";
			productName = "MVP по SOLID c DI и Unit testUITests";
			productReference = E3A20FD72AF78209005331BA /* MVP по SOLID c DI и Unit testUITests.xctest */;
			productType = "com.apple.product-type.bundle.ui-testing";
		};
/* End PBXNativeTarget section */

/* Begin PBXProject section */
		E3A20FAF2AF78207005331BA /* Project object */ = {
			isa = PBXProject;
			attributes = {
				BuildIndependentTargetsInParallel = 1;
				LastSwiftUpdateCheck = 1500;
				LastUpgradeCheck = 1500;
				TargetAttributes = {
					E3A20FB62AF78207005331BA = {
						CreatedOnToolsVersion = 15.0.1;
					};
					E3A20FCC2AF78209005331BA = {
						CreatedOnToolsVersion = 15.0.1;
						TestTargetID = E3A20FB62AF78207005331BA;
					};
					E3A20FD62AF78209005331BA = {
						CreatedOnToolsVersion = 15.0.1;
						TestTargetID = E3A20FB62AF78207005331BA;
					};
				};
			};
			buildConfigurationList = E3A20FB22AF78207005331BA /* Build configuration list for PBXProject "MVP по SOLID c DI и Unit test" */;
			compatibilityVersion = "Xcode 14.0";
			developmentRegion = en;
			hasScannedForEncodings = 0;
			knownRegions = (
				en,
				Base,
			);
			mainGroup = E3A20FAE2AF78207005331BA;
			productRefGroup = E3A20FB82AF78207005331BA /* Products */;
			projectDirPath = "";
			projectRoot = "";
			targets = (
				E3A20FB62AF78207005331BA /* MVP по SOLID c DI и Unit test */,
				E3A20FCC2AF78209005331BA /* MVP по SOLID c DI и Unit testTests */,
				E3A20FD62AF78209005331BA /* MVP по SOLID c DI и Unit testUITests */,
			);
		};
/* End PBXProject section */

/* Begin PBXResourcesBuildPhase section */
		E3A20FB52AF78207005331BA /* Resources */ = {
			isa = PBXResourcesBuildPhase;
			buildActionMask = 2147483647;
			files = (
				E3A20FC72AF78209005331BA /* LaunchScreen.storyboard in Resources */,
				E3A20FC42AF78209005331BA /* Assets.xcassets in Resources */,
				E3A20FC22AF78207005331BA /* Main.storyboard in Resources */,
			);
			runOnlyForDeploymentPostprocessing = 0;
		};
		E3A20FCB2AF78209005331BA /* Resources */ = {
			isa = PBXResourcesBuildPhase;
			buildActionMask = 2147483647;
			files = (
			);
			runOnlyForDeploymentPostprocessing = 0;
		};
		E3A20FD52AF78209005331BA /* Resources */ = {
			isa = PBXResourcesBuildPhase;
			buildActionMask = 2147483647;
			files = (
			);
			runOnlyForDeploymentPostprocessing = 0;
		};
/* End PBXResourcesBuildPhase section */

/* Begin PBXSourcesBuildPhase section */
		E3A20FB32AF78207005331BA /* Sources */ = {
			isa = PBXSourcesBuildPhase;
			buildActionMask = 2147483647;
			files = (
				E3A20FBF2AF78207005331BA /* ViewController.swift in Sources */,
				E3A20FBB2AF78207005331BA /* AppDelegate.swift in Sources */,
				E3A20FBD2AF78207005331BA /* SceneDelegate.swift in Sources */,
			);
			runOnlyForDeploymentPostprocessing = 0;
		};
		E3A20FC92AF78209005331BA /* Sources */ = {
			isa = PBXSourcesBuildPhase;
			buildActionMask = 2147483647;
			files = (
				E3A20FD22AF78209005331BA /* MVP____SOLID_c_DI___Unit_testTests.swift in Sources */,
			);
			runOnlyForDeploymentPostprocessing = 0;
		};
		E3A20FD32AF78209005331BA /* Sources */ = {
			isa = PBXSourcesBuildPhase;
			buildActionMask = 2147483647;
			files = (
				E3A20FDC2AF78209005331BA /* MVP____SOLID_c_DI___Unit_testUITests.swift in Sources */,
				E3A20FDE2AF78209005331BA /* MVP____SOLID_c_DI___Unit_testUITestsLaunchTests.swift in Sources */,
			);
			runOnlyForDeploymentPostprocessing = 0;
		};
/* End PBXSourcesBuildPhase section */

/* Begin PBXTargetDependency section */
		E3A20FCF2AF78209005331BA /* PBXTargetDependency */ = {
			isa = PBXTargetDependency;
			target = E3A20FB62AF78207005331BA /* MVP по SOLID c DI и Unit test */;
			targetProxy = E3A20FCE2AF78209005331BA /* PBXContainerItemProxy */;
		};
		E3A20FD92AF78209005331BA /* PBXTargetDependency */ = {
			isa = PBXTargetDependency;
			target = E3A20FB62AF78207005331BA /* MVP по SOLID c DI и Unit test */;
			targetProxy = E3A20FD82AF78209005331BA /* PBXContainerItemProxy */;
		};
/* End PBXTargetDependency section */

/* Begin PBXVariantGroup section */
		E3A20FC02AF78207005331BA /* Main.storyboard */ = {
			isa = PBXVariantGroup;
			children = (
				E3A20FC12AF78207005331BA /* Base */,
			);
			name = Main.storyboard;
			sourceTree = "<group>";
		};
		E3A20FC52AF78209005331BA /* LaunchScreen.storyboard */ = {
			isa = PBXVariantGroup;
			children = (
				E3A20FC62AF78209005331BA /* Base */,
			);
			name = LaunchScreen.storyboard;
			sourceTree = "<group>";
		};
/* End PBXVariantGroup section */

/* Begin XCBuildConfiguration section */
		E3A20FDF2AF78209005331BA /* Debug */ = {
			isa = XCBuildConfiguration;
			buildSettings = {
				ALWAYS_SEARCH_USER_PATHS = NO;
				ASSETCATALOG_COMPILER_GENERATE_SWIFT_ASSET_SYMBOL_EXTENSIONS = YES;
				CLANG_ANALYZER_NONNULL = YES;
				CLANG_ANALYZER_NUMBER_OBJECT_CONVERSION = YES_AGGRESSIVE;
				CLANG_CXX_LANGUAGE_STANDARD = "gnu++20";
				CLANG_ENABLE_MODULES = YES;
				CLANG_ENABLE_OBJC_ARC = YES;
				CLANG_ENABLE_OBJC_WEAK = YES;
				CLANG_WARN_BLOCK_CAPTURE_AUTORELEASING = YES;
				CLANG_WARN_BOOL_CONVERSION = YES;
				CLANG_WARN_COMMA = YES;
				CLANG_WARN_CONSTANT_CONVERSION = YES;
				CLANG_WARN_DEPRECATED_OBJC_IMPLEMENTATIONS = YES;
				CLANG_WARN_DIRECT_OBJC_ISA_USAGE = YES_ERROR;
				CLANG_WARN_DOCUMENTATION_COMMENTS = YES;
				CLANG_WARN_EMPTY_BODY = YES;
				CLANG_WARN_ENUM_CONVERSION = YES;
				CLANG_WARN_INFINITE_RECURSION = YES;
				CLANG_WARN_INT_CONVERSION = YES;
				CLANG_WARN_NON_LITERAL_NULL_CONVERSION = YES;
				CLANG_WARN_OBJC_IMPLICIT_RETAIN_SELF = YES;
				CLANG_WARN_OBJC_LITERAL_CONVERSION = YES;
				CLANG_WARN_OBJC_ROOT_CLASS = YES_ERROR;
				CLANG_WARN_QUOTED_INCLUDE_IN_FRAMEWORK_HEADER = YES;
				CLANG_WARN_RANGE_LOOP_ANALYSIS = YES;
				CLANG_WARN_STRICT_PROTOTYPES = YES;
				CLANG_WARN_SUSPICIOUS_MOVE = YES;
				CLANG_WARN_UNGUARDED_AVAILABILITY = YES_AGGRESSIVE;
				CLANG_WARN_UNREACHABLE_CODE = YES;
				CLANG_WARN__DUPLICATE_METHOD_MATCH = YES;
				COPY_PHASE_STRIP = NO;
				DEBUG_INFORMATION_FORMAT = dwarf;
				ENABLE_STRICT_OBJC_MSGSEND = YES;
				ENABLE_TESTABILITY = YES;
				ENABLE_USER_SCRIPT_SANDBOXING = YES;
				GCC_C_LANGUAGE_STANDARD = gnu17;
				GCC_DYNAMIC_NO_PIC = NO;
				GCC_NO_COMMON_BLOCKS = YES;
				GCC_OPTIMIZATION_LEVEL = 0;
				GCC_PREPROCESSOR_DEFINITIONS = (
					"DEBUG=1",
					"$(inherited)",
				);
				GCC_WARN_64_TO_32_BIT_CONVERSION = YES;
				GCC_WARN_ABOUT_RETURN_TYPE = YES_ERROR;
				GCC_WARN_UNDECLARED_SELECTOR = YES;
				GCC_WARN_UNINITIALIZED_AUTOS = YES_AGGRESSIVE;
				GCC_WARN_UNUSED_FUNCTION = YES;
				GCC_WARN_UNUSED_VARIABLE = YES;
				IPHONEOS_DEPLOYMENT_TARGET = 17.0;
				LOCALIZATION_PREFERS_STRING_CATALOGS = YES;
				MTL_ENABLE_DEBUG_INFO = INCLUDE_SOURCE;
				MTL_FAST_MATH = YES;
				ONLY_ACTIVE_ARCH = YES;
				SDKROOT = iphoneos;
				SWIFT_ACTIVE_COMPILATION_CONDITIONS = "DEBUG $(inherited)";
				SWIFT_OPTIMIZATION_LEVEL = "-Onone";
			};
			name = Debug;
		};
		E3A20FE02AF78209005331BA /* Release */ = {
			isa = XCBuildConfiguration;
			buildSettings = {
				ALWAYS_SEARCH_USER_PATHS = NO;
				ASSETCATALOG_COMPILER_GENERATE_SWIFT_ASSET_SYMBOL_EXTENSIONS = YES;
				CLANG_ANALYZER_NONNULL = YES;
				CLANG_ANALYZER_NUMBER_OBJECT_CONVERSION = YES_AGGRESSIVE;
				CLANG_CXX_LANGUAGE_STANDARD = "gnu++20";
				CLANG_ENABLE_MODULES = YES;
				CLANG_ENABLE_OBJC_ARC = YES;
				CLANG_ENABLE_OBJC_WEAK = YES;
				CLANG_WARN_BLOCK_CAPTURE_AUTORELEASING = YES;
				CLANG_WARN_BOOL_CONVERSION = YES;
				CLANG_WARN_COMMA = YES;
				CLANG_WARN_CONSTANT_CONVERSION = YES;
				CLANG_WARN_DEPRECATED_OBJC_IMPLEMENTATIONS = YES;
				CLANG_WARN_DIRECT_OBJC_ISA_USAGE = YES_ERROR;
				CLANG_WARN_DOCUMENTATION_COMMENTS = YES;
				CLANG_WARN_EMPTY_BODY = YES;
				CLANG_WARN_ENUM_CONVERSION = YES;
				CLANG_WARN_INFINITE_RECURSION = YES;
				CLANG_WARN_INT_CONVERSION = YES;
				CLANG_WARN_NON_LITERAL_NULL_CONVERSION = YES;
				CLANG_WARN_OBJC_IMPLICIT_RETAIN_SELF = YES;
				CLANG_WARN_OBJC_LITERAL_CONVERSION = YES;
				CLANG_WARN_OBJC_ROOT_CLASS = YES_ERROR;
				CLANG_WARN_QUOTED_INCLUDE_IN_FRAMEWORK_HEADER = YES;
				CLANG_WARN_RANGE_LOOP_ANALYSIS = YES;
				CLANG_WARN_STRICT_PROTOTYPES = YES;
				CLANG_WARN_SUSPICIOUS_MOVE = YES;
				CLANG_WARN_UNGUARDED_AVAILABILITY = YES_AGGRESSIVE;
				CLANG_WARN_UNREACHABLE_CODE = YES;
				CLANG_WARN__DUPLICATE_METHOD_MATCH = YES;
				COPY_PHASE_STRIP = NO;
				DEBUG_INFORMATION_FORMAT = "dwarf-with-dsym";
				ENABLE_NS_ASSERTIONS = NO;
				ENABLE_STRICT_OBJC_MSGSEND = YES;
				ENABLE_USER_SCRIPT_SANDBOXING = YES;
				GCC_C_LANGUAGE_STANDARD = gnu17;
				GCC_NO_COMMON_BLOCKS = YES;
				GCC_WARN_64_TO_32_BIT_CONVERSION = YES;
				GCC_WARN_ABOUT_RETURN_TYPE = YES_ERROR;
				GCC_WARN_UNDECLARED_SELECTOR = YES;
				GCC_WARN_UNINITIALIZED_AUTOS = YES_AGGRESSIVE;
				GCC_WARN_UNUSED_FUNCTION = YES;
				GCC_WARN_UNUSED_VARIABLE = YES;
				IPHONEOS_DEPLOYMENT_TARGET = 17.0;
				LOCALIZATION_PREFERS_STRING_CATALOGS = YES;
				MTL_ENABLE_DEBUG_INFO = NO;
				MTL_FAST_MATH = YES;
				SDKROOT = iphoneos;
				SWIFT_COMPILATION_MODE = wholemodule;
				VALIDATE_PRODUCT = YES;
			};
			name = Release;
		};
		E3A20FE22AF78209005331BA /* Debug */ = {
			isa = XCBuildConfiguration;
			buildSettings = {
				ASSETCATALOG_COMPILER_APPICON_NAME = AppIcon;
				ASSETCATALOG_COMPILER_GLOBAL_ACCENT_COLOR_NAME = AccentColor;
				CODE_SIGN_STYLE = Automatic;
				CURRENT_PROJECT_VERSION = 1;
				GENERATE_INFOPLIST_FILE = YES;
				INFOPLIST_FILE = "MVP по SOLID c DI и Unit test/Info.plist";
				INFOPLIST_KEY_UIApplicationSupportsIndirectInputEvents = YES;
				INFOPLIST_KEY_UILaunchStoryboardName = LaunchScreen;
				INFOPLIST_KEY_UIMainStoryboardFile = Main;
				INFOPLIST_KEY_UISupportedInterfaceOrientations_iPad = "UIInterfaceOrientationPortrait UIInterfaceOrientationPortraitUpsideDown UIInterfaceOrientationLandscapeLeft UIInterfaceOrientationLandscapeRight";
				INFOPLIST_KEY_UISupportedInterfaceOrientations_iPhone = "UIInterfaceOrientationPortrait UIInterfaceOrientationLandscapeLeft UIInterfaceOrientationLandscapeRight";
				LD_RUNPATH_SEARCH_PATHS = (
					"$(inherited)",
					"@executable_path/Frameworks",
				);
				MARKETING_VERSION = 1.0;
				PRODUCT_BUNDLE_IDENTIFIER = "me.osipov.dobrynia.MVP----SOLID-c-DI---Unit-test";
				PRODUCT_NAME = "$(TARGET_NAME)";
				SWIFT_EMIT_LOC_STRINGS = YES;
				SWIFT_VERSION = 5.0;
				TARGETED_DEVICE_FAMILY = "1,2";
			};
			name = Debug;
		};
		E3A20FE32AF78209005331BA /* Release */ = {
			isa = XCBuildConfiguration;
			buildSettings = {
				ASSETCATALOG_COMPILER_APPICON_NAME = AppIcon;
				ASSETCATALOG_COMPILER_GLOBAL_ACCENT_COLOR_NAME = AccentColor;
				CODE_SIGN_STYLE = Automatic;
				CURRENT_PROJECT_VERSION = 1;
				GENERATE_INFOPLIST_FILE = YES;
				INFOPLIST_FILE = "MVP по SOLID c DI и Unit test/Info.plist";
				INFOPLIST_KEY_UIApplicationSupportsIndirectInputEvents = YES;
				INFOPLIST_KEY_UILaunchStoryboardName = LaunchScreen;
				INFOPLIST_KEY_UIMainStoryboardFile = Main;
				INFOPLIST_KEY_UISupportedInterfaceOrientations_iPad = "UIInterfaceOrientationPortrait UIInterfaceOrientationPortraitUpsideDown UIInterfaceOrientationLandscapeLeft UIInterfaceOrientationLandscapeRight";
				INFOPLIST_KEY_UISupportedInterfaceOrientations_iPhone = "UIInterfaceOrientationPortrait UIInterfaceOrientationLandscapeLeft UIInterfaceOrientationLandscapeRight";
				LD_RUNPATH_SEARCH_PATHS = (
					"$(inherited)",
					"@executable_path/Frameworks",
				);
				MARKETING_VERSION = 1.0;
				PRODUCT_BUNDLE_IDENTIFIER = "me.osipov.dobrynia.MVP----SOLID-c-DI---Unit-test";
				PRODUCT_NAME = "$(TARGET_NAME)";
				SWIFT_EMIT_LOC_STRINGS = YES;
				SWIFT_VERSION = 5.0;
				TARGETED_DEVICE_FAMILY = "1,2";
			};
			name = Release;
		};
		E3A20FE52AF78209005331BA /* Debug */ = {
			isa = XCBuildConfiguration;
			buildSettings = {
				ALWAYS_EMBED_SWIFT_STANDARD_LIBRARIES = YES;
				BUNDLE_LOADER = "$(TEST_HOST)";
				CODE_SIGN_STYLE = Automatic;
				CURRENT_PROJECT_VERSION = 1;
				GENERATE_INFOPLIST_FILE = YES;
				IPHONEOS_DEPLOYMENT_TARGET = 17.0;
				MARKETING_VERSION = 1.0;
				PRODUCT_BUNDLE_IDENTIFIER = "me.osipov.dobrynia.MVP----SOLID-c-DI---Unit-testTests";
				PRODUCT_NAME = "$(TARGET_NAME)";
				SWIFT_EMIT_LOC_STRINGS = NO;
				SWIFT_VERSION = 5.0;
				TARGETED_DEVICE_FAMILY = "1,2";
				TEST_HOST = "$(BUILT_PRODUCTS_DIR)/MVP по SOLID c DI и Unit test.app/$(BUNDLE_EXECUTABLE_FOLDER_PATH)/MVP по SOLID c DI и Unit test";
			};
			name = Debug;
		};
		E3A20FE62AF78209005331BA /* Release */ = {
			isa = XCBuildConfiguration;
			buildSettings = {
				ALWAYS_EMBED_SWIFT_STANDARD_LIBRARIES = YES;
				BUNDLE_LOADER = "$(TEST_HOST)";
				CODE_SIGN_STYLE = Automatic;
				CURRENT_PROJECT_VERSION = 1;
				GENERATE_INFOPLIST_FILE = YES;
				IPHONEOS_DEPLOYMENT_TARGET = 17.0;
				MARKETING_VERSION = 1.0;
				PRODUCT_BUNDLE_IDENTIFIER = "me.osipov.dobrynia.MVP----SOLID-c-DI---Unit-testTests";
				PRODUCT_NAME = "$(TARGET_NAME)";
				SWIFT_EMIT_LOC_STRINGS = NO;
				SWIFT_VERSION = 5.0;
				TARGETED_DEVICE_FAMILY = "1,2";
				TEST_HOST = "$(BUILT_PRODUCTS_DIR)/MVP по SOLID c DI и Unit test.app/$(BUNDLE_EXECUTABLE_FOLDER_PATH)/MVP по SOLID c DI и Unit test";
			};
			name = Release;
		};
		E3A20FE82AF78209005331BA /* Debug */ = {
			isa = XCBuildConfiguration;
			buildSettings = {
				ALWAYS_EMBED_SWIFT_STANDARD_LIBRARIES = YES;
				CODE_SIGN_STYLE = Automatic;
				CURRENT_PROJECT_VERSION = 1;
				GENERATE_INFOPLIST_FILE = YES;
				MARKETING_VERSION = 1.0;
				PRODUCT_BUNDLE_IDENTIFIER = "me.osipov.dobrynia.MVP----SOLID-c-DI---Unit-testUITests";
				PRODUCT_NAME = "$(TARGET_NAME)";
				SWIFT_EMIT_LOC_STRINGS = NO;
				SWIFT_VERSION = 5.0;
				TARGETED_DEVICE_FAMILY = "1,2";
				TEST_TARGET_NAME = "MVP по SOLID c DI и Unit test";
			};
			name = Debug;
		};
		E3A20FE92AF78209005331BA /* Release */ = {
			isa = XCBuildConfiguration;
			buildSettings = {
				ALWAYS_EMBED_SWIFT_STANDARD_LIBRARIES = YES;
				CODE_SIGN_STYLE = Automatic;
				CURRENT_PROJECT_VERSION = 1;
				GENERATE_INFOPLIST_FILE = YES;
				MARKETING_VERSION = 1.0;
				PRODUCT_BUNDLE_IDENTIFIER = "me.osipov.dobrynia.MVP----SOLID-c-DI---Unit-testUITests";
				PRODUCT_NAME = "$(TARGET_NAME)";
				SWIFT_EMIT_LOC_STRINGS = NO;
				SWIFT_VERSION = 5.0;
				TARGETED_DEVICE_FAMILY = "1,2";
				TEST_TARGET_NAME = "MVP по SOLID c DI и Unit test";
			};
			name = Release;
		};
/* End XCBuildConfiguration section */

/* Begin XCConfigurationList section */
		E3A20FB22AF78207005331BA /* Build configuration list for PBXProject "MVP по SOLID c DI и Unit test" */ = {
			isa = XCConfigurationList;
			buildConfigurations = (
				E3A20FDF2AF78209005331BA /* Debug */,
				E3A20FE02AF78209005331BA /* Release */,
			);
			defaultConfigurationIsVisible = 0;
			defaultConfigurationName = Release;
		};
		E3A20FE12AF78209005331BA /* Build configuration list for PBXNativeTarget "MVP по SOLID c DI и Unit test" */ = {
			isa = XCConfigurationList;
			buildConfigurations = (
				E3A20FE22AF78209005331BA /* Debug */,
				E3A20FE32AF78209005331BA /* Release */,
			);
			defaultConfigurationIsVisible = 0;
			defaultConfigurationName = Release;
		};
		E3A20FE42AF78209005331BA /* Build configuration list for PBXNativeTarget "MVP по SOLID c DI и Unit testTests" */ = {
			isa = XCConfigurationList;
			buildConfigurations = (
				E3A20FE52AF78209005331BA /* Debug */,
				E3A20FE62AF78209005331BA /* Release */,
			);
			defaultConfigurationIsVisible = 0;
			defaultConfigurationName = Release;
		};
		E3A20FE72AF78209005331BA /* Build configuration list for PBXNativeTarget "MVP по SOLID c DI и Unit testUITests" */ = {
			isa = XCConfigurationList;
			buildConfigurations = (
				E3A20FE82AF78209005331BA /* Debug */,
				E3A20FE92AF78209005331BA /* Release */,
			);
			defaultConfigurationIsVisible = 0;
			defaultConfigurationName = Release;
		};
/* End XCConfigurationList section */
	};
	rootObject = E3A20FAF2AF78207005331BA /* Project object */;
}
